version = 1
revision = 3
requires-python = ">=3.12"

[[package]]
name = "prepgenie-api"
version = "3.2.0"
source = { virtual = "." }
dependencies = [
    { name = "pypdf" },
]

[package.metadata]
requires-dist = [{ name = "pypdf" }]

[[package]]
name = "pypdf"
version = "6.9.2"
source = { registry = "https://pypi.org/simple" }
sdist = { url = "https://files.pythonhosted.org/packages/31/83/691bdb309306232362503083cb15777491045dd54f45393a317dc7d8082f/pypdf-6.9.2.tar.gz", hash = "sha256:7f850faf2b0d4ab936582c05da32c52214c2b089d61a316627b5bfb5b0dab46c", size = 5311837, upload-time = "2026-03-23T14:53:27.983Z" }
wheels = [
    { url = "https://files.pythonhosted.org/packages/a5/7e/c85f41243086a8fe5d1baeba527cb26a1918158a565932b41e0f7c0b32e9/pypdf-6.9.2-py3-none-any.whl", hash = "sha256:662cf29bcb419a36a1365232449624ab40b7c2d0cfc28e54f42eeecd1fd7e844", size = 333744, upload-time = "2026-03-23T14:53:26.573Z" },
]
